
Microsoft Visual Studio Solution File, Format Version 12.00
# Visual Studio 15
VisualStudioVersion = 15.0.26430.16
MinimumVisualStudioVersion = 10.0.40219.1
Project("{FAE04EC0-301F-11D3-BF4B-00C04F79EFBC}") = "DotNetAppSqlDb", "DotNetAppSqlDb\DotNetAppSqlDb.csproj", "{F3250AB4-90E2-43F4-9260-B1CB7CB2188F}"
EndProject
Project("{00D1A9C2-B5F0-4AF3-8072-F6C62B433612}") = "Database1", "Database1\Database1.sqlproj", "{B0E63721-3439-4AA5-B7E0-C963996A247B}"
EndProject
Project("{2150E333-8FDC-42A3-9474-1A3956D46DE8}") = "Solution Items", "Solution Items", "{7863B948-953A-4FA8-A0CB-025BC87BA754}"
	ProjectSection(SolutionItems) = preProject
		common.props = common.props
	EndProjectSection
EndProject
Global
	GlobalSection(SolutionConfigurationPlatforms) = preSolution
		Debug|Any CPU = Debug|Any CPU
		Release|Any CPU = Release|Any CPU
	EndGlobalSection
	GlobalSection(ProjectConfigurationPlatforms) = postSolution
		{F3250AB4-90E2-43F4-9260-B1CB7CB2188F}.Debug|Any CPU.ActiveCfg = Debug|Any CPU
		{F3250AB4-90E2-43F4-9260-B1CB7CB2188F}.Debug|Any CPU.Build.0 = Debug|Any CPU
		{F3250AB4-90E2-43F4-9260-B1CB7CB2188F}.Release|Any CPU.ActiveCfg = Release|Any CPU
		{F3250AB4-90E2-43F4-9260-B1CB7CB2188F}.Release|Any CPU.Build.0 = Release|Any CPU
		{B0E63721-3439-4AA5-B7E0-C963996A247B}.Debug|Any CPU.ActiveCfg = Debug|Any CPU
		{B0E63721-3439-4AA5-B7E0-C963996A247B}.Debug|Any CPU.Build.0 = Debug|Any CPU
		{B0E63721-3439-4AA5-B7E0-C963996A247B}.Debug|Any CPU.Deploy.0 = Debug|Any CPU
		{B0E63721-3439-4AA5-B7E0-C963996A247B}.Release|Any CPU.ActiveCfg = Release|Any CPU
		{B0E63721-3439-4AA5-B7E0-C963996A247B}.Release|Any CPU.Build.0 = Release|Any CPU
		{B0E63721-3439-4AA5-B7E0-C963996A247B}.Release|Any CPU.Deploy.0 = Release|Any CPU
	EndGlobalSection
	GlobalSection(SolutionProperties) = preSolution
		HideSolutionNode = FALSE
	EndGlobalSection
EndGlobal
