
Microsoft Visual Studio Solution File, Format Version 12.00
# Visual Studio 15
VisualStudioVersion = 15.0.26730.15
MinimumVisualStudioVersion = 10.0.40219.1
Project("{9A19103F-16F7-4668-BE54-9A1E7A4F7556}") = "aspnet-core-dotnet-core", "aspnet-core-dotnet-core\aspnet-core-dotnet-core.csproj", "{8BD3CF50-CAE9-419F-A933-C0EFADBE7731}"
EndProject
Project("{9A19103F-16F7-4668-BE54-9A1E7A4F7556}") = "aspnet-core-dotnet-core.FunctionalTests", "aspnet-core-dotnet-core.FunctionalTests\aspnet-core-dotnet-core.FunctionalTests.csproj", "{41C24313-0B1A-4217-BE2B-087F8809EE36}"
EndProject
Project("{FAE04EC0-301F-11D3-BF4B-00C04F79EFBC}") = "aspnet-core-dotnet-core.UnitTests", "aspnet-core-dotnet-core.UnitTests\aspnet-core-dotnet-core.UnitTests.csproj", "{27450039-C3DF-4913-B5CB-1008732869E4}"
EndProject
Global
	GlobalSection(SolutionConfigurationPlatforms) = preSolution
		Debug|Any CPU = Debug|Any CPU
		Release|Any CPU = Release|Any CPU
	EndGlobalSection
	GlobalSection(ProjectConfigurationPlatforms) = postSolution
		{8BD3CF50-CAE9-419F-A933-C0EFADBE7731}.Debug|Any CPU.ActiveCfg = Debug|Any CPU
		{8BD3CF50-CAE9-419F-A933-C0EFADBE7731}.Debug|Any CPU.Build.0 = Debug|Any CPU
		{8BD3CF50-CAE9-419F-A933-C0EFADBE7731}.Release|Any CPU.ActiveCfg = Release|Any CPU
		{8BD3CF50-CAE9-419F-A933-C0EFADBE7731}.Release|Any CPU.Build.0 = Release|Any CPU
		{41C24313-0B1A-4217-BE2B-087F8809EE36}.Debug|Any CPU.ActiveCfg = Debug|Any CPU
		{41C24313-0B1A-4217-BE2B-087F8809EE36}.Debug|Any CPU.Build.0 = Debug|Any CPU
		{41C24313-0B1A-4217-BE2B-087F8809EE36}.Release|Any CPU.ActiveCfg = Release|Any CPU
		{41C24313-0B1A-4217-BE2B-087F8809EE36}.Release|Any CPU.Build.0 = Release|Any CPU
		{27450039-C3DF-4913-B5CB-1008732869E4}.Debug|Any CPU.ActiveCfg = Debug|Any CPU
		{27450039-C3DF-4913-B5CB-1008732869E4}.Debug|Any CPU.Build.0 = Debug|Any CPU
		{27450039-C3DF-4913-B5CB-1008732869E4}.Release|Any CPU.ActiveCfg = Release|Any CPU
		{27450039-C3DF-4913-B5CB-1008732869E4}.Release|Any CPU.Build.0 = Release|Any CPU
	EndGlobalSection
	GlobalSection(SolutionProperties) = preSolution
		HideSolutionNode = FALSE
	EndGlobalSection
	GlobalSection(ExtensibilityGlobals) = postSolution
		SolutionGuid = {11A23A0A-206A-4827-BBE8-CE44979FDDCE}
	EndGlobalSection
EndGlobal
